
Microsoft Visual Studio Solution File, Format Version 12.00
# Visual Studio Version 16
VisualStudioVersion = 16.0.32002.261
MinimumVisualStudioVersion = 10.0.40219.1
Project("{2150E333-8FDC-42A3-9474-1A3956D46DE8}") = "Services", "Services", "{1EEC4895-130D-44C5-B5EA-122D82B86AB3}"
EndProject
Project("{2150E333-8FDC-42A3-9474-1A3956D46DE8}") = "Catalog", "Catalog", "{D89498A3-3769-4464-9DC4-FA472E3D5129}"
EndProject
Project("{9A19103F-16F7-4668-BE54-9A1E7A4F7556}") = "Catalog.API", "Services\Catalog\Catalog.API\Catalog.API.csproj", "{A88555D9-5BB7-457B-9589-7752FE12728E}"
EndProject
Project("{E53339B2-1760-4266-BCC7-CA923CBCF16C}") = "docker-compose", "docker-compose.dcproj", "{B53F2D99-5BA9-4233-AE33-74934D4BC1A5}"
EndProject
Project("{2150E333-8FDC-42A3-9474-1A3956D46DE8}") = "Basket", "Basket", "{0FB8C799-EC17-474C-B714-3268130D09B1}"
EndProject
Project("{9A19103F-16F7-4668-BE54-9A1E7A4F7556}") = "Basket.API", "Services\Basket\Basket.API\Basket.API.csproj", "{6C0B5AAA-2ADA-4856-B58E-7CEF484D3190}"
EndProject
Project("{2150E333-8FDC-42A3-9474-1A3956D46DE8}") = "Discount", "Discount", "{A4CF05C4-88D1-4B8F-A6C6-8F7E73D2FC1E}"
EndProject
Project("{FAE04EC0-301F-11D3-BF4B-00C04F79EFBC}") = "Discount.API", "Services\Discount\Discount.API\Discount.API.csproj", "{785BC73F-9B6E-45D4-99F5-6E1950A83190}"
EndProject
Global
	GlobalSection(SolutionConfigurationPlatforms) = preSolution
		Debug|Any CPU = Debug|Any CPU
		Release|Any CPU = Release|Any CPU
	EndGlobalSection
	GlobalSection(ProjectConfigurationPlatforms) = postSolution
		{A88555D9-5BB7-457B-9589-7752FE12728E}.Debug|Any CPU.ActiveCfg = Debug|Any CPU
		{A88555D9-5BB7-457B-9589-7752FE12728E}.Debug|Any CPU.Build.0 = Debug|Any CPU
		{A88555D9-5BB7-457B-9589-7752FE12728E}.Release|Any CPU.ActiveCfg = Release|Any CPU
		{A88555D9-5BB7-457B-9589-7752FE12728E}.Release|Any CPU.Build.0 = Release|Any CPU
		{B53F2D99-5BA9-4233-AE33-74934D4BC1A5}.Debug|Any CPU.ActiveCfg = Debug|Any CPU
		{B53F2D99-5BA9-4233-AE33-74934D4BC1A5}.Debug|Any CPU.Build.0 = Debug|Any CPU
		{B53F2D99-5BA9-4233-AE33-74934D4BC1A5}.Release|Any CPU.ActiveCfg = Release|Any CPU
		{B53F2D99-5BA9-4233-AE33-74934D4BC1A5}.Release|Any CPU.Build.0 = Release|Any CPU
		{6C0B5AAA-2ADA-4856-B58E-7CEF484D3190}.Debug|Any CPU.ActiveCfg = Debug|Any CPU
		{6C0B5AAA-2ADA-4856-B58E-7CEF484D3190}.Debug|Any CPU.Build.0 = Debug|Any CPU
		{6C0B5AAA-2ADA-4856-B58E-7CEF484D3190}.Release|Any CPU.ActiveCfg = Release|Any CPU
		{6C0B5AAA-2ADA-4856-B58E-7CEF484D3190}.Release|Any CPU.Build.0 = Release|Any CPU
		{785BC73F-9B6E-45D4-99F5-6E1950A83190}.Debug|Any CPU.ActiveCfg = Debug|Any CPU
		{785BC73F-9B6E-45D4-99F5-6E1950A83190}.Debug|Any CPU.Build.0 = Debug|Any CPU
		{785BC73F-9B6E-45D4-99F5-6E1950A83190}.Release|Any CPU.ActiveCfg = Release|Any CPU
		{785BC73F-9B6E-45D4-99F5-6E1950A83190}.Release|Any CPU.Build.0 = Release|Any CPU
	EndGlobalSection
	GlobalSection(SolutionProperties) = preSolution
		HideSolutionNode = FALSE
	EndGlobalSection
	GlobalSection(NestedProjects) = preSolution
		{D89498A3-3769-4464-9DC4-FA472E3D5129} = {1EEC4895-130D-44C5-B5EA-122D82B86AB3}
		{A88555D9-5BB7-457B-9589-7752FE12728E} = {D89498A3-3769-4464-9DC4-FA472E3D5129}
		{0FB8C799-EC17-474C-B714-3268130D09B1} = {1EEC4895-130D-44C5-B5EA-122D82B86AB3}
		{6C0B5AAA-2ADA-4856-B58E-7CEF484D3190} = {0FB8C799-EC17-474C-B714-3268130D09B1}
		{A4CF05C4-88D1-4B8F-A6C6-8F7E73D2FC1E} = {1EEC4895-130D-44C5-B5EA-122D82B86AB3}
		{785BC73F-9B6E-45D4-99F5-6E1950A83190} = {A4CF05C4-88D1-4B8F-A6C6-8F7E73D2FC1E}
	EndGlobalSection
	GlobalSection(ExtensibilityGlobals) = postSolution
		SolutionGuid = {BE91F7EC-D21D-47F3-AB4D-2B5B5504E2EB}
	EndGlobalSection
EndGlobal
